// !$*UTF8*$!
{
	archiveVersion = 1;
	classes = {
	};
	objectVersion = 55;
	objects = {

/* Begin PBXBuildFile section */
		F886287026CCA6C800B7E4F3 /* Tests_iOS.swift in Sources */ = {isa = PBXBuildFile; fileRef = F886286F26CCA6C800B7E4F3 /* Tests_iOS.swift */; };
		F886287226CCA6C800B7E4F3 /* Tests_iOSLaunchTests.swift in Sources */ = {isa = PBXBuildFile; fileRef = F886287126CCA6C800B7E4F3 /* Tests_iOSLaunchTests.swift */; };
		F886287C26CCA6C800B7E4F3 /* Tests_macOS.swift in Sources */ = {isa = PBXBuildFile; fileRef = F886287B26CCA6C800B7E4F3 /* Tests_macOS.swift */; };
		F886287E26CCA6C800B7E4F3 /* Tests_macOSLaunchTests.swift in Sources */ = {isa = PBXBuildFile; fileRef = F886287D26CCA6C800B7E4F3 /* Tests_macOSLaunchTests.swift */; };
		F886287F26CCA6C800B7E4F3 /* AppCoding.swift in Sources */ = {isa = PBXBuildFile; fileRef = F886285926CCA6C600B7E4F3 /* AppCoding.swift */; };
		F886288026CCA6C800B7E4F3 /* AppCoding.swift in Sources */ = {isa = PBXBuildFile; fileRef = F886285926CCA6C600B7E4F3 /* AppCoding.swift */; };
		F886288126CCA6C800B7E4F3 /* ContentView.swift in Sources */ = {isa = PBXBuildFile; fileRef = F886285A26CCA6C600B7E4F3 /* ContentView.swift */; };
		F886288226CCA6C800B7E4F3 /* ContentView.swift in Sources */ = {isa = PBXBuildFile; fileRef = F886285A26CCA6C600B7E4F3 /* ContentView.swift */; };
		F886288326CCA6C800B7E4F3 /* Assets.xcassets in Resources */ = {isa = PBXBuildFile; fileRef = F886285B26CCA6C800B7E4F3 /* Assets.xcassets */; };
		F886288426CCA6C800B7E4F3 /* Assets.xcassets in Resources */ = {isa = PBXBuildFile; fileRef = F886285B26CCA6C800B7E4F3 /* Assets.xcassets */; };
		F8DD66FD26CD978E00625D9B /* circleimage.swift in Sources */ = {isa = PBXBuildFile; fileRef = F8DD66FC26CD978E00625D9B /* circleimage.swift */; };
		F8DD66FE26CD978E00625D9B /* circleimage.swift in Sources */ = {isa = PBXBuildFile; fileRef = F8DD66FC26CD978E00625D9B /* circleimage.swift */; };
		F8DD670026CD990D00625D9B /* mapview.swift in Sources */ = {isa = PBXBuildFile; fileRef = F8DD66FF26CD990D00625D9B /* mapview.swift */; };
		F8DD670126CD990D00625D9B /* mapview.swift in Sources */ = {isa = PBXBuildFile; fileRef = F8DD66FF26CD990D00625D9B /* mapview.swift */; };
		F8DD670326CDC05C00625D9B /* PeopleData.json in Resources */ = {isa = PBXBuildFile; fileRef = F8DD670226CDC05C00625D9B /* PeopleData.json */; };
		F8DD670426CDC05C00625D9B /* PeopleData.json in Resources */ = {isa = PBXBuildFile; fileRef = F8DD670226CDC05C00625D9B /* PeopleData.json */; };
		F8DD670626CDC46700625D9B /* People.swift in Sources */ = {isa = PBXBuildFile; fileRef = F8DD670526CDC46700625D9B /* People.swift */; };
		F8DD670726CDC46700625D9B /* People.swift in Sources */ = {isa = PBXBuildFile; fileRef = F8DD670526CDC46700625D9B /* People.swift */; };
		F8DD670926CDC68700625D9B /* ModelData.swift in Sources */ = {isa = PBXBuildFile; fileRef = F8DD670826CDC68700625D9B /* ModelData.swift */; };
		F8DD670A26CDC68700625D9B /* ModelData.swift in Sources */ = {isa = PBXBuildFile; fileRef = F8DD670826CDC68700625D9B /* ModelData.swift */; };
/* End PBXBuildFile section */

/* Begin PBXContainerItemProxy section */
		F886286C26CCA6C800B7E4F3 /* PBXContainerItemProxy */ = {
			isa = PBXContainerItemProxy;
			containerPortal = F886285426CCA6C600B7E4F3 /* Project object */;
			proxyType = 1;
			remoteGlobalIDString = F886285F26CCA6C800B7E4F3;
			remoteInfo = "VibratingIOS (iOS)";
		};
		F886287826CCA6C800B7E4F3 /* PBXContainerItemProxy */ = {
			isa = PBXContainerItemProxy;
			containerPortal = F886285426CCA6C600B7E4F3 /* Project object */;
			proxyType = 1;
			remoteGlobalIDString = F886286526CCA6C800B7E4F3;
			remoteInfo = "VibratingIOS (macOS)";
		};
/* End PBXContainerItemProxy section */

/* Begin PBXFileReference section */
		F886285926CCA6C600B7E4F3 /* AppCoding.swift */ = {isa = PBXFileReference; lastKnownFileType = sourcecode.swift; path = AppCoding.swift; sourceTree = "<group>"; };
		F886285A26CCA6C600B7E4F3 /* ContentView.swift */ = {isa = PBXFileReference; lastKnownFileType = sourcecode.swift; path = ContentView.swift; sourceTree = "<group>"; };
		F886285B26CCA6C800B7E4F3 /* Assets.xcassets */ = {isa = PBXFileReference; lastKnownFileType = folder.assetcatalog; path = Assets.xcassets; sourceTree = "<group>"; };
		F886286026CCA6C800B7E4F3 /* AppCoding.app */ = {isa = PBXFileReference; explicitFileType = wrapper.application; includeInIndex = 0; path = AppCoding.app; sourceTree = BUILT_PRODUCTS_DIR; };
		F886286626CCA6C800B7E4F3 /* AppCoding.app */ = {isa = PBXFileReference; explicitFileType = wrapper.application; includeInIndex = 0; path = AppCoding.app; sourceTree = BUILT_PRODUCTS_DIR; };
		F886286B26CCA6C800B7E4F3 /* Tests iOS.xctest */ = {isa = PBXFileReference; explicitFileType = wrapper.cfbundle; includeInIndex = 0; path = "Tests iOS.xctest"; sourceTree = BUILT_PRODUCTS_DIR; };
		F886286F26CCA6C800B7E4F3 /* Tests_iOS.swift */ = {isa = PBXFileReference; lastKnownFileType = sourcecode.swift; path = Tests_iOS.swift; sourceTree = "<group>"; };
		F886287126CCA6C800B7E4F3 /* Tests_iOSLaunchTests.swift */ = {isa = PBXFileReference; lastKnownFileType = sourcecode.swift; path = Tests_iOSLaunchTests.swift; sourceTree = "<group>"; };
		F886287726CCA6C800B7E4F3 /* Tests macOS.xctest */ = {isa = PBXFileReference; explicitFileType = wrapper.cfbundle; includeInIndex = 0; path = "Tests macOS.xctest"; sourceTree = BUILT_PRODUCTS_DIR; };
		F886287B26CCA6C800B7E4F3 /* Tests_macOS.swift */ = {isa = PBXFileReference; lastKnownFileType = sourcecode.swift; path = Tests_macOS.swift; sourceTree = "<group>"; };
		F886287D26CCA6C800B7E4F3 /* Tests_macOSLaunchTests.swift */ = {isa = PBXFileReference; lastKnownFileType = sourcecode.swift; path = Tests_macOSLaunchTests.swift; sourceTree = "<group>"; };
		F8DD66FC26CD978E00625D9B /* circleimage.swift */ = {isa = PBXFileReference; lastKnownFileType = sourcecode.swift; path = circleimage.swift; sourceTree = "<group>"; };
		F8DD66FF26CD990D00625D9B /* mapview.swift */ = {isa = PBXFileReference; lastKnownFileType = sourcecode.swift; path = mapview.swift; sourceTree = "<group>"; };
		F8DD670226CDC05C00625D9B /* PeopleData.json */ = {isa = PBXFileReference; fileEncoding = 4; lastKnownFileType = text.json; name = PeopleData.json; path = ../../../Downloads/BuildingListsAndNavigation/Complete/Landmarks/Resources/PeopleData.json; sourceTree = "<group>"; };
		F8DD670526CDC46700625D9B /* People.swift */ = {isa = PBXFileReference; lastKnownFileType = sourcecode.swift; path = People.swift; sourceTree = "<group>"; };
		F8DD670826CDC68700625D9B /* ModelData.swift */ = {isa = PBXFileReference; lastKnownFileType = sourcecode.swift; path = ModelData.swift; sourceTree = "<group>"; };
/* End PBXFileReference section */

/* Begin PBXFrameworksBuildPhase section */
		F886285D26CCA6C800B7E4F3 /* Frameworks */ = {
			isa = PBXFrameworksBuildPhase;
			buildActionMask = 2147483647;
			files = (
			);
			runOnlyForDeploymentPostprocessing = 0;
		};
		F886286326CCA6C800B7E4F3 /* Frameworks */ = {
			isa = PBXFrameworksBuildPhase;
			buildActionMask = 2147483647;
			files = (
			);
			runOnlyForDeploymentPostprocessing = 0;
		};
		F886286826CCA6C800B7E4F3 /* Frameworks */ = {
			isa = PBXFrameworksBuildPhase;
			buildActionMask = 2147483647;
			files = (
			);
			runOnlyForDeploymentPostprocessing = 0;
		};
		F886287426CCA6C800B7E4F3 /* Frameworks */ = {
			isa = PBXFrameworksBuildPhase;
			buildActionMask = 2147483647;
			files = (
			);
			runOnlyForDeploymentPostprocessing = 0;
		};
/* End PBXFrameworksBuildPhase section */

/* Begin PBXGroup section */
		F886285326CCA6C600B7E4F3 = {
			isa = PBXGroup;
			children = (
				F886285826CCA6C600B7E4F3 /* Shared */,
				F886286E26CCA6C800B7E4F3 /* Tests iOS */,
				F886287A26CCA6C800B7E4F3 /* Tests macOS */,
				F886286126CCA6C800B7E4F3 /* Products */,
			);
			sourceTree = "<group>";
		};
		F886285826CCA6C600B7E4F3 /* Shared */ = {
			isa = PBXGroup;
			children = (
				F886285926CCA6C600B7E4F3 /* AppCoding.swift */,
				F886285A26CCA6C600B7E4F3 /* ContentView.swift */,
				F886285B26CCA6C800B7E4F3 /* Assets.xcassets */,
				F8DD66FC26CD978E00625D9B /* circleimage.swift */,
				F8DD66FF26CD990D00625D9B /* mapview.swift */,
				F8DD670226CDC05C00625D9B /* PeopleData.json */,
				F8DD670526CDC46700625D9B /* People.swift */,
				F8DD670826CDC68700625D9B /* ModelData.swift */,
			);
			path = Shared;
			sourceTree = "<group>";
		};
		F886286126CCA6C800B7E4F3 /* Products */ = {
			isa = PBXGroup;
			children = (
				F886286026CCA6C800B7E4F3 /* AppCoding.app */,
				F886286626CCA6C800B7E4F3 /* AppCoding.app */,
				F886286B26CCA6C800B7E4F3 /* Tests iOS.xctest */,
				F886287726CCA6C800B7E4F3 /* Tests macOS.xctest */,
			);
			name = Products;
			sourceTree = "<group>";
		};
		F886286E26CCA6C800B7E4F3 /* Tests iOS */ = {
			isa = PBXGroup;
			children = (
				F886286F26CCA6C800B7E4F3 /* Tests_iOS.swift */,
				F886287126CCA6C800B7E4F3 /* Tests_iOSLaunchTests.swift */,
			);
			path = "Tests iOS";
			sourceTree = "<group>";
		};
		F886287A26CCA6C800B7E4F3 /* Tests macOS */ = {
			isa = PBXGroup;
			children = (
				F886287B26CCA6C800B7E4F3 /* Tests_macOS.swift */,
				F886287D26CCA6C800B7E4F3 /* Tests_macOSLaunchTests.swift */,
			);
			path = "Tests macOS";
			sourceTree = "<group>";
		};
/* End PBXGroup section */

/* Begin PBXNativeTarget section */
		F886285F26CCA6C800B7E4F3 /* AppCoding (iOS) */ = {
			isa = PBXNativeTarget;
			buildConfigurationList = F886288726CCA6C800B7E4F3 /* Build configuration list for PBXNativeTarget "AppCoding (iOS)" */;
			buildPhases = (
				F886285C26CCA6C800B7E4F3 /* Sources */,
				F886285D26CCA6C800B7E4F3 /* Frameworks */,
				F886285E26CCA6C800B7E4F3 /* Resources */,
			);
			buildRules = (
			);
			dependencies = (
			);
			name = "AppCoding (iOS)";
			productName = "VibratingIOS (iOS)";
			productReference = F886286026CCA6C800B7E4F3 /* AppCoding.app */;
			productType = "com.apple.product-type.application";
		};
		F886286526CCA6C800B7E4F3 /* AppCoding (macOS) */ = {
			isa = PBXNativeTarget;
			buildConfigurationList = F886288A26CCA6C800B7E4F3 /* Build configuration list for PBXNativeTarget "AppCoding (macOS)" */;
			buildPhases = (
				F886286226CCA6C800B7E4F3 /* Sources */,
				F886286326CCA6C800B7E4F3 /* Frameworks */,
				F886286426CCA6C800B7E4F3 /* Resources */,
			);
			buildRules = (
			);
			dependencies = (
			);
			name = "AppCoding (macOS)";
			productName = "VibratingIOS (macOS)";
			productReference = F886286626CCA6C800B7E4F3 /* AppCoding.app */;
			productType = "com.apple.product-type.application";
		};
		F886286A26CCA6C800B7E4F3 /* Tests iOS */ = {
			isa = PBXNativeTarget;
			buildConfigurationList = F886288D26CCA6C800B7E4F3 /* Build configuration list for PBXNativeTarget "Tests iOS" */;
			buildPhases = (
				F886286726CCA6C800B7E4F3 /* Sources */,
				F886286826CCA6C800B7E4F3 /* Frameworks */,
				F886286926CCA6C800B7E4F3 /* Resources */,
			);
			buildRules = (
			);
			dependencies = (
				F886286D26CCA6C800B7E4F3 /* PBXTargetDependency */,
			);
			name = "Tests iOS";
			productName = "Tests iOS";
			productReference = F886286B26CCA6C800B7E4F3 /* Tests iOS.xctest */;
			productType = "com.apple.product-type.bundle.ui-testing";
		};
		F886287626CCA6C800B7E4F3 /* Tests macOS */ = {
			isa = PBXNativeTarget;
			buildConfigurationList = F886289026CCA6C800B7E4F3 /* Build configuration list for PBXNativeTarget "Tests macOS" */;
			buildPhases = (
				F886287326CCA6C800B7E4F3 /* Sources */,
				F886287426CCA6C800B7E4F3 /* Frameworks */,
				F886287526CCA6C800B7E4F3 /* Resources */,
			);
			buildRules = (
			);
			dependencies = (
				F886287926CCA6C800B7E4F3 /* PBXTargetDependency */,
			);
			name = "Tests macOS";
			productName = "Tests macOS";
			productReference = F886287726CCA6C800B7E4F3 /* Tests macOS.xctest */;
			productType = "com.apple.product-type.bundle.ui-testing";
		};
/* End PBXNativeTarget section */

/* Begin PBXProject section */
		F886285426CCA6C600B7E4F3 /* Project object */ = {
			isa = PBXProject;
			attributes = {
				BuildIndependentTargetsInParallel = 1;
				LastSwiftUpdateCheck = 1300;
				LastUpgradeCheck = 1300;
				TargetAttributes = {
					F886285F26CCA6C800B7E4F3 = {
						CreatedOnToolsVersion = 13.0;
					};
					F886286526CCA6C800B7E4F3 = {
						CreatedOnToolsVersion = 13.0;
					};
					F886286A26CCA6C800B7E4F3 = {
						CreatedOnToolsVersion = 13.0;
						TestTargetID = F886285F26CCA6C800B7E4F3;
					};
					F886287626CCA6C800B7E4F3 = {
						CreatedOnToolsVersion = 13.0;
						TestTargetID = F886286526CCA6C800B7E4F3;
					};
				};
			};
			buildConfigurationList = F886285726CCA6C600B7E4F3 /* Build configuration list for PBXProject "AppCoding" */;
			compatibilityVersion = "Xcode 13.0";
			developmentRegion = en;
			hasScannedForEncodings = 0;
			knownRegions = (
				en,
				Base,
			);
			mainGroup = F886285326CCA6C600B7E4F3;
			productRefGroup = F886286126CCA6C800B7E4F3 /* Products */;
			projectDirPath = "";
			projectRoot = "";
			targets = (
				F886285F26CCA6C800B7E4F3 /* AppCoding (iOS) */,
				F886286526CCA6C800B7E4F3 /* AppCoding (macOS) */,
				F886286A26CCA6C800B7E4F3 /* Tests iOS */,
				F886287626CCA6C800B7E4F3 /* Tests macOS */,
			);
		};
/* End PBXProject section */

/* Begin PBXResourcesBuildPhase section */
		F886285E26CCA6C800B7E4F3 /* Resources */ = {
			isa = PBXResourcesBuildPhase;
			buildActionMask = 2147483647;
			files = (
				F886288326CCA6C800B7E4F3 /* Assets.xcassets in Resources */,
				F8DD670326CDC05C00625D9B /* PeopleData.json in Resources */,
			);
			runOnlyForDeploymentPostprocessing = 0;
		};
		F886286426CCA6C800B7E4F3 /* Resources */ = {
			isa = PBXResourcesBuildPhase;
			buildActionMask = 2147483647;
			files = (
				F886288426CCA6C800B7E4F3 /* Assets.xcassets in Resources */,
				F8DD670426CDC05C00625D9B /* PeopleData.json in Resources */,
			);
			runOnlyForDeploymentPostprocessing = 0;
		};
		F886286926CCA6C800B7E4F3 /* Resources */ = {
			isa = PBXResourcesBuildPhase;
			buildActionMask = 2147483647;
			files = (
			);
			runOnlyForDeploymentPostprocessing = 0;
		};
		F886287526CCA6C800B7E4F3 /* Resources */ = {
			isa = PBXResourcesBuildPhase;
			buildActionMask = 2147483647;
			files = (
			);
			runOnlyForDeploymentPostprocessing = 0;
		};
/* End PBXResourcesBuildPhase section */

/* Begin PBXSourcesBuildPhase section */
		F886285C26CCA6C800B7E4F3 /* Sources */ = {
			isa = PBXSourcesBuildPhase;
			buildActionMask = 2147483647;
			files = (
				F8DD66FD26CD978E00625D9B /* circleimage.swift in Sources */,
				F8DD670026CD990D00625D9B /* mapview.swift in Sources */,
				F886288126CCA6C800B7E4F3 /* ContentView.swift in Sources */,
				F886287F26CCA6C800B7E4F3 /* AppCoding.swift in Sources */,
				F8DD670626CDC46700625D9B /* People.swift in Sources */,
				F8DD670926CDC68700625D9B /* ModelData.swift in Sources */,
			);
			runOnlyForDeploymentPostprocessing = 0;
		};
		F886286226CCA6C800B7E4F3 /* Sources */ = {
			isa = PBXSourcesBuildPhase;
			buildActionMask = 2147483647;
			files = (
				F8DD66FE26CD978E00625D9B /* circleimage.swift in Sources */,
				F8DD670126CD990D00625D9B /* mapview.swift in Sources */,
				F886288226CCA6C800B7E4F3 /* ContentView.swift in Sources */,
				F886288026CCA6C800B7E4F3 /* AppCoding.swift in Sources */,
				F8DD670726CDC46700625D9B /* People.swift in Sources */,
				F8DD670A26CDC68700625D9B /* ModelData.swift in Sources */,
			);
			runOnlyForDeploymentPostprocessing = 0;
		};
		F886286726CCA6C800B7E4F3 /* Sources */ = {
			isa = PBXSourcesBuildPhase;
			buildActionMask = 2147483647;
			files = (
				F886287226CCA6C800B7E4F3 /* Tests_iOSLaunchTests.swift in Sources */,
				F886287026CCA6C800B7E4F3 /* Tests_iOS.swift in Sources */,
			);
			runOnlyForDeploymentPostprocessing = 0;
		};
		F886287326CCA6C800B7E4F3 /* Sources */ = {
			isa = PBXSourcesBuildPhase;
			buildActionMask = 2147483647;
			files = (
				F886287E26CCA6C800B7E4F3 /* Tests_macOSLaunchTests.swift in Sources */,
				F886287C26CCA6C800B7E4F3 /* Tests_macOS.swift in Sources */,
			);
			runOnlyForDeploymentPostprocessing = 0;
		};
/* End PBXSourcesBuildPhase section */

/* Begin PBXTargetDependency section */
		F886286D26CCA6C800B7E4F3 /* PBXTargetDependency */ = {
			isa = PBXTargetDependency;
			target = F886285F26CCA6C800B7E4F3 /* AppCoding (iOS) */;
			targetProxy = F886286C26CCA6C800B7E4F3 /* PBXContainerItemProxy */;
		};
		F886287926CCA6C800B7E4F3 /* PBXTargetDependency */ = {
			isa = PBXTargetDependency;
			target = F886286526CCA6C800B7E4F3 /* AppCoding (macOS) */;
			targetProxy = F886287826CCA6C800B7E4F3 /* PBXContainerItemProxy */;
		};
/* End PBXTargetDependency section */

/* Begin XCBuildConfiguration section */
		F886288526CCA6C800B7E4F3 /* Debug */ = {
			isa = XCBuildConfiguration;
			buildSettings = {
				ALWAYS_SEARCH_USER_PATHS = NO;
				CLANG_ANALYZER_NONNULL = YES;
				CLANG_ANALYZER_NUMBER_OBJECT_CONVERSION = YES_AGGRESSIVE;
				CLANG_CXX_LANGUAGE_STANDARD = "gnu++17";
				CLANG_CXX_LIBRARY = "libc++";
				CLANG_ENABLE_MODULES = YES;
				CLANG_ENABLE_OBJC_ARC = YES;
				CLANG_ENABLE_OBJC_WEAK = YES;
				CLANG_WARN_BLOCK_CAPTURE_AUTORELEASING = YES;
				CLANG_WARN_BOOL_CONVERSION = YES;
				CLANG_WARN_COMMA = YES;
				CLANG_WARN_CONSTANT_CONVERSION = YES;
				CLANG_WARN_DEPRECATED_OBJC_IMPLEMENTATIONS = YES;
				CLANG_WARN_DIRECT_OBJC_ISA_USAGE = YES_ERROR;
				CLANG_WARN_DOCUMENTATION_COMMENTS = YES;
				CLANG_WARN_EMPTY_BODY = YES;
				CLANG_WARN_ENUM_CONVERSION = YES;
				CLANG_WARN_INFINITE_RECURSION = YES;
				CLANG_WARN_INT_CONVERSION = YES;
				CLANG_WARN_NON_LITERAL_NULL_CONVERSION = YES;
				CLANG_WARN_OBJC_IMPLICIT_RETAIN_SELF = YES;
				CLANG_WARN_OBJC_LITERAL_CONVERSION = YES;
				CLANG_WARN_OBJC_ROOT_CLASS = YES_ERROR;
				CLANG_WARN_QUOTED_INCLUDE_IN_FRAMEWORK_HEADER = YES;
				CLANG_WARN_RANGE_LOOP_ANALYSIS = YES;
				CLANG_WARN_STRICT_PROTOTYPES = YES;
				CLANG_WARN_SUSPICIOUS_MOVE = YES;
				CLANG_WARN_UNGUARDED_AVAILABILITY = YES_AGGRESSIVE;
				CLANG_WARN_UNREACHABLE_CODE = YES;
				CLANG_WARN__DUPLICATE_METHOD_MATCH = YES;
				COPY_PHASE_STRIP = NO;
				DEBUG_INFORMATION_FORMAT = dwarf;
				ENABLE_STRICT_OBJC_MSGSEND = YES;
				ENABLE_TESTABILITY = YES;
				GCC_C_LANGUAGE_STANDARD = gnu11;
				GCC_DYNAMIC_NO_PIC = NO;
				GCC_NO_COMMON_BLOCKS = YES;
				GCC_OPTIMIZATION_LEVEL = 0;
				GCC_PREPROCESSOR_DEFINITIONS = (
					"DEBUG=1",
					"$(inherited)",
				);
				GCC_WARN_64_TO_32_BIT_CONVERSION = YES;
				GCC_WARN_ABOUT_RETURN_TYPE = YES_ERROR;
				GCC_WARN_UNDECLARED_SELECTOR = YES;
				GCC_WARN_UNINITIALIZED_AUTOS = YES_AGGRESSIVE;
				GCC_WARN_UNUSED_FUNCTION = YES;
				GCC_WARN_UNUSED_VARIABLE = YES;
				MTL_ENABLE_DEBUG_INFO = INCLUDE_SOURCE;
				MTL_FAST_MATH = YES;
				ONLY_ACTIVE_ARCH = YES;
				SWIFT_ACTIVE_COMPILATION_CONDITIONS = DEBUG;
				SWIFT_OPTIMIZATION_LEVEL = "-Onone";
			};
			name = Debug;
		};
		F886288626CCA6C800B7E4F3 /* Release */ = {
			isa = XCBuildConfiguration;
			buildSettings = {
				ALWAYS_SEARCH_USER_PATHS = NO;
				CLANG_ANALYZER_NONNULL = YES;
				CLANG_ANALYZER_NUMBER_OBJECT_CONVERSION = YES_AGGRESSIVE;
				CLANG_CXX_LANGUAGE_STANDARD = "gnu++17";
				CLANG_CXX_LIBRARY = "libc++";
				CLANG_ENABLE_MODULES = YES;
				CLANG_ENABLE_OBJC_ARC = YES;
				CLANG_ENABLE_OBJC_WEAK = YES;
				CLANG_WARN_BLOCK_CAPTURE_AUTORELEASING = YES;
				CLANG_WARN_BOOL_CONVERSION = YES;
				CLANG_WARN_COMMA = YES;
				CLANG_WARN_CONSTANT_CONVERSION = YES;
				CLANG_WARN_DEPRECATED_OBJC_IMPLEMENTATIONS = YES;
				CLANG_WARN_DIRECT_OBJC_ISA_USAGE = YES_ERROR;
				CLANG_WARN_DOCUMENTATION_COMMENTS = YES;
				CLANG_WARN_EMPTY_BODY = YES;
				CLANG_WARN_ENUM_CONVERSION = YES;
				CLANG_WARN_INFINITE_RECURSION = YES;
				CLANG_WARN_INT_CONVERSION = YES;
				CLANG_WARN_NON_LITERAL_NULL_CONVERSION = YES;
				CLANG_WARN_OBJC_IMPLICIT_RETAIN_SELF = YES;
				CLANG_WARN_OBJC_LITERAL_CONVERSION = YES;
				CLANG_WARN_OBJC_ROOT_CLASS = YES_ERROR;
				CLANG_WARN_QUOTED_INCLUDE_IN_FRAMEWORK_HEADER = YES;
				CLANG_WARN_RANGE_LOOP_ANALYSIS = YES;
				CLANG_WARN_STRICT_PROTOTYPES = YES;
				CLANG_WARN_SUSPICIOUS_MOVE = YES;
				CLANG_WARN_UNGUARDED_AVAILABILITY = YES_AGGRESSIVE;
				CLANG_WARN_UNREACHABLE_CODE = YES;
				CLANG_WARN__DUPLICATE_METHOD_MATCH = YES;
				COPY_PHASE_STRIP = NO;
				DEBUG_INFORMATION_FORMAT = "dwarf-with-dsym";
				ENABLE_NS_ASSERTIONS = NO;
				ENABLE_STRICT_OBJC_MSGSEND = YES;
				GCC_C_LANGUAGE_STANDARD = gnu11;
				GCC_NO_COMMON_BLOCKS = YES;
				GCC_WARN_64_TO_32_BIT_CONVERSION = YES;
				GCC_WARN_ABOUT_RETURN_TYPE = YES_ERROR;
				GCC_WARN_UNDECLARED_SELECTOR = YES;
				GCC_WARN_UNINITIALIZED_AUTOS = YES_AGGRESSIVE;
				GCC_WARN_UNUSED_FUNCTION = YES;
				GCC_WARN_UNUSED_VARIABLE = YES;
				MTL_ENABLE_DEBUG_INFO = NO;
				MTL_FAST_MATH = YES;
				SWIFT_COMPILATION_MODE = wholemodule;
				SWIFT_OPTIMIZATION_LEVEL = "-O";
			};
			name = Release;
		};
		F886288826CCA6C800B7E4F3 /* Debug */ = {
			isa = XCBuildConfiguration;
			buildSettings = {
				ASSETCATALOG_COMPILER_APPICON_NAME = AppIcon;
				ASSETCATALOG_COMPILER_GLOBAL_ACCENT_COLOR_NAME = AccentColor;
				CODE_SIGN_STYLE = Automatic;
				CURRENT_PROJECT_VERSION = 1;
				ENABLE_PREVIEWS = YES;
				GENERATE_INFOPLIST_FILE = YES;
				INFOPLIST_KEY_UIApplicationSceneManifest_Generation = YES;
				INFOPLIST_KEY_UIApplicationSupportsIndirectInputEvents = YES;
				INFOPLIST_KEY_UILaunchScreen_Generation = YES;
				INFOPLIST_KEY_UISupportedInterfaceOrientations_iPad = "UIInterfaceOrientationPortrait UIInterfaceOrientationPortraitUpsideDown UIInterfaceOrientationLandscapeLeft UIInterfaceOrientationLandscapeRight";
				INFOPLIST_KEY_UISupportedInterfaceOrientations_iPhone = "UIInterfaceOrientationPortrait UIInterfaceOrientationLandscapeLeft UIInterfaceOrientationLandscapeRight";
				IPHONEOS_DEPLOYMENT_TARGET = 14.0;
				LD_RUNPATH_SEARCH_PATHS = (
					"$(inherited)",
					"@executable_path/Frameworks",
				);
				MARKETING_VERSION = 1.0;
				PRODUCT_BUNDLE_IDENTIFIER = ApolloDesigns.AppCoding;
				PRODUCT_NAME = AppCoding;
				SDKROOT = iphoneos;
				SWIFT_EMIT_LOC_STRINGS = YES;
				SWIFT_VERSION = 5.0;
				TARGETED_DEVICE_FAMILY = "1,2";
			};
			name = Debug;
		};
		F886288926CCA6C800B7E4F3 /* Release */ = {
			isa = XCBuildConfiguration;
			buildSettings = {
				ASSETCATALOG_COMPILER_APPICON_NAME = AppIcon;
				ASSETCATALOG_COMPILER_GLOBAL_ACCENT_COLOR_NAME = AccentColor;
				CODE_SIGN_STYLE = Automatic;
				CURRENT_PROJECT_VERSION = 1;
				ENABLE_PREVIEWS = YES;
				GENERATE_INFOPLIST_FILE = YES;
				INFOPLIST_KEY_UIApplicationSceneManifest_Generation = YES;
				INFOPLIST_KEY_UIApplicationSupportsIndirectInputEvents = YES;
				INFOPLIST_KEY_UILaunchScreen_Generation = YES;
				INFOPLIST_KEY_UISupportedInterfaceOrientations_iPad = "UIInterfaceOrientationPortrait UIInterfaceOrientationPortraitUpsideDown UIInterfaceOrientationLandscapeLeft UIInterfaceOrientationLandscapeRight";
				INFOPLIST_KEY_UISupportedInterfaceOrientations_iPhone = "UIInterfaceOrientationPortrait UIInterfaceOrientationLandscapeLeft UIInterfaceOrientationLandscapeRight";
				IPHONEOS_DEPLOYMENT_TARGET = 14.0;
				LD_RUNPATH_SEARCH_PATHS = (
					"$(inherited)",
					"@executable_path/Frameworks",
				);
				MARKETING_VERSION = 1.0;
				PRODUCT_BUNDLE_IDENTIFIER = ApolloDesigns.AppCoding;
				PRODUCT_NAME = AppCoding;
				SDKROOT = iphoneos;
				SWIFT_EMIT_LOC_STRINGS = YES;
				SWIFT_VERSION = 5.0;
				TARGETED_DEVICE_FAMILY = "1,2";
				VALIDATE_PRODUCT = YES;
			};
			name = Release;
		};
		F886288B26CCA6C800B7E4F3 /* Debug */ = {
			isa = XCBuildConfiguration;
			buildSettings = {
				ASSETCATALOG_COMPILER_APPICON_NAME = AppIcon;
				ASSETCATALOG_COMPILER_GLOBAL_ACCENT_COLOR_NAME = AccentColor;
				CODE_SIGN_STYLE = Automatic;
				COMBINE_HIDPI_IMAGES = YES;
				CURRENT_PROJECT_VERSION = 1;
				ENABLE_APP_SANDBOX = YES;
				ENABLE_PREVIEWS = YES;
				ENABLE_USER_SELECTED_FILES = readonly;
				GENERATE_INFOPLIST_FILE = YES;
				INFOPLIST_KEY_NSHumanReadableCopyright = "";
				LD_RUNPATH_SEARCH_PATHS = (
					"$(inherited)",
					"@executable_path/../Frameworks",
				);
				MACOSX_DEPLOYMENT_TARGET = 11.0;
				MARKETING_VERSION = 1.0;
				PRODUCT_BUNDLE_IDENTIFIER = ApolloDesigns.VibratingIOS;
				PRODUCT_NAME = AppCoding;
				SDKROOT = macosx;
				SWIFT_EMIT_LOC_STRINGS = YES;
				SWIFT_VERSION = 5.0;
			};
			name = Debug;
		};
		F886288C26CCA6C800B7E4F3 /* Release */ = {
			isa = XCBuildConfiguration;
			buildSettings = {
				ASSETCATALOG_COMPILER_APPICON_NAME = AppIcon;
				ASSETCATALOG_COMPILER_GLOBAL_ACCENT_COLOR_NAME = AccentColor;
				CODE_SIGN_STYLE = Automatic;
				COMBINE_HIDPI_IMAGES = YES;
				CURRENT_PROJECT_VERSION = 1;
				ENABLE_APP_SANDBOX = YES;
				ENABLE_PREVIEWS = YES;
				ENABLE_USER_SELECTED_FILES = readonly;
				GENERATE_INFOPLIST_FILE = YES;
				INFOPLIST_KEY_NSHumanReadableCopyright = "";
				LD_RUNPATH_SEARCH_PATHS = (
					"$(inherited)",
					"@executable_path/../Frameworks",
				);
				MACOSX_DEPLOYMENT_TARGET = 11.0;
				MARKETING_VERSION = 1.0;
				PRODUCT_BUNDLE_IDENTIFIER = ApolloDesigns.VibratingIOS;
				PRODUCT_NAME = AppCoding;
				SDKROOT = macosx;
				SWIFT_EMIT_LOC_STRINGS = YES;
				SWIFT_VERSION = 5.0;
			};
			name = Release;
		};
		F886288E26CCA6C800B7E4F3 /* Debug */ = {
			isa = XCBuildConfiguration;
			buildSettings = {
				ALWAYS_EMBED_SWIFT_STANDARD_LIBRARIES = YES;
				CODE_SIGN_STYLE = Automatic;
				CURRENT_PROJECT_VERSION = 1;
				GENERATE_INFOPLIST_FILE = YES;
				IPHONEOS_DEPLOYMENT_TARGET = 15.0;
				LD_RUNPATH_SEARCH_PATHS = (
					"$(inherited)",
					"@executable_path/Frameworks",
					"@loader_path/Frameworks",
				);
				MARKETING_VERSION = 1.0;
				PRODUCT_BUNDLE_IDENTIFIER = "ApolloDesigns.Tests-iOS";
				PRODUCT_NAME = "$(TARGET_NAME)";
				SDKROOT = iphoneos;
				SWIFT_EMIT_LOC_STRINGS = NO;
				SWIFT_VERSION = 5.0;
				TARGETED_DEVICE_FAMILY = "1,2";
				TEST_TARGET_NAME = "VibratingIOS (iOS)";
			};
			name = Debug;
		};
		F886288F26CCA6C800B7E4F3 /* Release */ = {
			isa = XCBuildConfiguration;
			buildSettings = {
				ALWAYS_EMBED_SWIFT_STANDARD_LIBRARIES = YES;
				CODE_SIGN_STYLE = Automatic;
				CURRENT_PROJECT_VERSION = 1;
				GENERATE_INFOPLIST_FILE = YES;
				IPHONEOS_DEPLOYMENT_TARGET = 15.0;
				LD_RUNPATH_SEARCH_PATHS = (
					"$(inherited)",
					"@executable_path/Frameworks",
					"@loader_path/Frameworks",
				);
				MARKETING_VERSION = 1.0;
				PRODUCT_BUNDLE_IDENTIFIER = "ApolloDesigns.Tests-iOS";
				PRODUCT_NAME = "$(TARGET_NAME)";
				SDKROOT = iphoneos;
				SWIFT_EMIT_LOC_STRINGS = NO;
				SWIFT_VERSION = 5.0;
				TARGETED_DEVICE_FAMILY = "1,2";
				TEST_TARGET_NAME = "VibratingIOS (iOS)";
				VALIDATE_PRODUCT = YES;
			};
			name = Release;
		};
		F886289126CCA6C800B7E4F3 /* Debug */ = {
			isa = XCBuildConfiguration;
			buildSettings = {
				ALWAYS_EMBED_SWIFT_STANDARD_LIBRARIES = YES;
				CODE_SIGN_STYLE = Automatic;
				COMBINE_HIDPI_IMAGES = YES;
				CURRENT_PROJECT_VERSION = 1;
				GENERATE_INFOPLIST_FILE = YES;
				LD_RUNPATH_SEARCH_PATHS = (
					"$(inherited)",
					"@executable_path/../Frameworks",
					"@loader_path/../Frameworks",
				);
				MACOSX_DEPLOYMENT_TARGET = 11.5;
				MARKETING_VERSION = 1.0;
				PRODUCT_BUNDLE_IDENTIFIER = "ApolloDesigns.Tests-macOS";
				PRODUCT_NAME = "$(TARGET_NAME)";
				SDKROOT = macosx;
				SWIFT_EMIT_LOC_STRINGS = NO;
				SWIFT_VERSION = 5.0;
				TEST_TARGET_NAME = "VibratingIOS (macOS)";
			};
			name = Debug;
		};
		F886289226CCA6C800B7E4F3 /* Release */ = {
			isa = XCBuildConfiguration;
			buildSettings = {
				ALWAYS_EMBED_SWIFT_STANDARD_LIBRARIES = YES;
				CODE_SIGN_STYLE = Automatic;
				COMBINE_HIDPI_IMAGES = YES;
				CURRENT_PROJECT_VERSION = 1;
				GENERATE_INFOPLIST_FILE = YES;
				LD_RUNPATH_SEARCH_PATHS = (
					"$(inherited)",
					"@executable_path/../Frameworks",
					"@loader_path/../Frameworks",
				);
				MACOSX_DEPLOYMENT_TARGET = 11.5;
				MARKETING_VERSION = 1.0;
				PRODUCT_BUNDLE_IDENTIFIER = "ApolloDesigns.Tests-macOS";
				PRODUCT_NAME = "$(TARGET_NAME)";
				SDKROOT = macosx;
				SWIFT_EMIT_LOC_STRINGS = NO;
				SWIFT_VERSION = 5.0;
				TEST_TARGET_NAME = "VibratingIOS (macOS)";
			};
			name = Release;
		};
/* End XCBuildConfiguration section */

/* Begin XCConfigurationList section */
		F886285726CCA6C600B7E4F3 /* Build configuration list for PBXProject "AppCoding" */ = {
			isa = XCConfigurationList;
			buildConfigurations = (
				F886288526CCA6C800B7E4F3 /* Debug */,
				F886288626CCA6C800B7E4F3 /* Release */,
			);
			defaultConfigurationIsVisible = 0;
			defaultConfigurationName = Release;
		};
		F886288726CCA6C800B7E4F3 /* Build configuration list for PBXNativeTarget "AppCoding (iOS)" */ = {
			isa = XCConfigurationList;
			buildConfigurations = (
				F886288826CCA6C800B7E4F3 /* Debug */,
				F886288926CCA6C800B7E4F3 /* Release */,
			);
			defaultConfigurationIsVisible = 0;
			defaultConfigurationName = Release;
		};
		F886288A26CCA6C800B7E4F3 /* Build configuration list for PBXNativeTarget "AppCoding (macOS)" */ = {
			isa = XCConfigurationList;
			buildConfigurations = (
				F886288B26CCA6C800B7E4F3 /* Debug */,
				F886288C26CCA6C800B7E4F3 /* Release */,
			);
			defaultConfigurationIsVisible = 0;
			defaultConfigurationName = Release;
		};
		F886288D26CCA6C800B7E4F3 /* Build configuration list for PBXNativeTarget "Tests iOS" */ = {
			isa = XCConfigurationList;
			buildConfigurations = (
				F886288E26CCA6C800B7E4F3 /* Debug */,
				F886288F26CCA6C800B7E4F3 /* Release */,
			);
			defaultConfigurationIsVisible = 0;
			defaultConfigurationName = Release;
		};
		F886289026CCA6C800B7E4F3 /* Build configuration list for PBXNativeTarget "Tests macOS" */ = {
			isa = XCConfigurationList;
			buildConfigurations = (
				F886289126CCA6C800B7E4F3 /* Debug */,
				F886289226CCA6C800B7E4F3 /* Release */,
			);
			defaultConfigurationIsVisible = 0;
			defaultConfigurationName = Release;
		};
/* End XCConfigurationList section */
	};
	rootObject = F886285426CCA6C600B7E4F3 /* Project object */;
}
